
Microsoft Visual Studio Solution File, Format Version 12.00
# Visual Studio Version 16
VisualStudioVersion = 16.0.30104.148
MinimumVisualStudioVersion = 10.0.40219.1
Project("{9A19103F-16F7-4668-BE54-9A1E7A4F7556}") = "СontactList", "СontactList\СontactList.csproj", "{B7F0B032-5565-40FA-9FF9-BA29D2C4C3DD}"
EndProject
Global
	GlobalSection(SolutionConfigurationPlatforms) = preSolution
		Debug|Any CPU = Debug|Any CPU
		Release|Any CPU = Release|Any CPU
	EndGlobalSection
	GlobalSection(ProjectConfigurationPlatforms) = postSolution
		{B7F0B032-5565-40FA-9FF9-BA29D2C4C3DD}.Debug|Any CPU.ActiveCfg = Debug|Any CPU
		{B7F0B032-5565-40FA-9FF9-BA29D2C4C3DD}.Debug|Any CPU.Build.0 = Debug|Any CPU
		{B7F0B032-5565-40FA-9FF9-BA29D2C4C3DD}.Release|Any CPU.ActiveCfg = Release|Any CPU
		{B7F0B032-5565-40FA-9FF9-BA29D2C4C3DD}.Release|Any CPU.Build.0 = Release|Any CPU
	EndGlobalSection
	GlobalSection(SolutionProperties) = preSolution
		HideSolutionNode = FALSE
	EndGlobalSection
	GlobalSection(ExtensibilityGlobals) = postSolution
		SolutionGuid = {7D1E9DDE-690F-4CD7-8973-ADB9C98A5FCC}
	EndGlobalSection
EndGlobal
